
Microsoft Visual Studio Solution File, Format Version 12.00
# Visual Studio Version 16
VisualStudioVersion = 16.0.31729.503
MinimumVisualStudioVersion = 10.0.40219.1
Project("{FAE04EC0-301F-11D3-BF4B-00C04F79EFBC}") = "ByteBank", "ByteBank\ByteBank.csproj", "{C122BCED-01CB-4967-8E88-33EC8EA8F8D4}"
EndProject
Global
	GlobalSection(SolutionConfigurationPlatforms) = preSolution
		Debug|Any CPU = Debug|Any CPU
		Release|Any CPU = Release|Any CPU
	EndGlobalSection
	GlobalSection(ProjectConfigurationPlatforms) = postSolution
		{C122BCED-01CB-4967-8E88-33EC8EA8F8D4}.Debug|Any CPU.ActiveCfg = Debug|Any CPU
		{C122BCED-01CB-4967-8E88-33EC8EA8F8D4}.Debug|Any CPU.Build.0 = Debug|Any CPU
		{C122BCED-01CB-4967-8E88-33EC8EA8F8D4}.Release|Any CPU.ActiveCfg = Release|Any CPU
		{C122BCED-01CB-4967-8E88-33EC8EA8F8D4}.Release|Any CPU.Build.0 = Release|Any CPU
	EndGlobalSection
	GlobalSection(SolutionProperties) = preSolution
		HideSolutionNode = FALSE
	EndGlobalSection
	GlobalSection(ExtensibilityGlobals) = postSolution
		SolutionGuid = {529B7C3B-29A0-4B7A-A28E-420E67BBE289}
	EndGlobalSection
EndGlobal
